// !$*UTF8*$!
{
	archiveVersion = 1;
	classes = {
	};
	objectVersion = 56;
	objects = {

/* Begin PBXBuildFile section */
		8F199A4A29E5126B00054D2B /* AppDelegate.swift in Sources */ = {isa = PBXBuildFile; fileRef = 8F199A4929E5126B00054D2B /* AppDelegate.swift */; };
		8F199A4C29E5126B00054D2B /* SceneDelegate.swift in Sources */ = {isa = PBXBuildFile; fileRef = 8F199A4B29E5126B00054D2B /* SceneDelegate.swift */; };
		8F199A4E29E5126B00054D2B /* HomeViewController.swift in Sources */ = {isa = PBXBuildFile; fileRef = 8F199A4D29E5126B00054D2B /* HomeViewController.swift */; };
		8F199A5329E5126C00054D2B /* Assets.xcassets in Resources */ = {isa = PBXBuildFile; fileRef = 8F199A5229E5126C00054D2B /* Assets.xcassets */; };
		8F199A5629E5126C00054D2B /* LaunchScreen.storyboard in Resources */ = {isa = PBXBuildFile; fileRef = 8F199A5429E5126C00054D2B /* LaunchScreen.storyboard */; };
		8F199A5E29E5199E00054D2B /* CategoryViewController.swift in Sources */ = {isa = PBXBuildFile; fileRef = 8F199A5D29E5199E00054D2B /* CategoryViewController.swift */; };
		8F199A6029E519C900054D2B /* SnapViewController.swift in Sources */ = {isa = PBXBuildFile; fileRef = 8F199A5F29E519C900054D2B /* SnapViewController.swift */; };
		8F199A6229E519D100054D2B /* LikeViewController.swift in Sources */ = {isa = PBXBuildFile; fileRef = 8F199A6129E519D100054D2B /* LikeViewController.swift */; };
		8F199A6429E51A8100054D2B /* MyViewController.swift in Sources */ = {isa = PBXBuildFile; fileRef = 8F199A6329E51A8100054D2B /* MyViewController.swift */; };
		8F199A9729E54FD200054D2B /* SnapKit in Frameworks */ = {isa = PBXBuildFile; productRef = 8F199A9629E54FD200054D2B /* SnapKit */; };
		8F199A9B29E551CA00054D2B /* recommendSecondCell.swift in Sources */ = {isa = PBXBuildFile; fileRef = 8F199A9A29E551CA00054D2B /* recommendSecondCell.swift */; };
		8F5CF12B29E64C3500D0DF12 /* Layout.swift in Sources */ = {isa = PBXBuildFile; fileRef = 8F5CF12A29E64C3500D0DF12 /* Layout.swift */; };
		8F5CF13029E6561F00D0DF12 /* extension.swift in Sources */ = {isa = PBXBuildFile; fileRef = 8F5CF12F29E6561F00D0DF12 /* extension.swift */; };
		8F5CF13229E6576B00D0DF12 /* SectionBackgroundDecorationView.swift in Sources */ = {isa = PBXBuildFile; fileRef = 8F5CF13129E6576B00D0DF12 /* SectionBackgroundDecorationView.swift */; };
		8F5CF13529E6644A00D0DF12 /* TopCell.swift in Sources */ = {isa = PBXBuildFile; fileRef = 8F5CF13429E6644A00D0DF12 /* TopCell.swift */; };
		8F5CF13B29E6A2AA00D0DF12 /* recommendFirstCell.swift in Sources */ = {isa = PBXBuildFile; fileRef = 8F5CF13A29E6A2AA00D0DF12 /* recommendFirstCell.swift */; };
		8F5F86DF29FCC6D20082602F /* TabBarController.swift in Sources */ = {isa = PBXBuildFile; fileRef = 8F5F86DE29FCC6D20082602F /* TabBarController.swift */; };
		8F5F86E129FCC8780082602F /* HomeTabBar.swift in Sources */ = {isa = PBXBuildFile; fileRef = 8F5F86E029FCC8780082602F /* HomeTabBar.swift */; };
		8F5F86E329FCC8820082602F /* HomeTabBarCell.swift in Sources */ = {isa = PBXBuildFile; fileRef = 8F5F86E229FCC8820082602F /* HomeTabBarCell.swift */; };
		8F5F86E529FCC8890082602F /* HomeTabView.swift in Sources */ = {isa = PBXBuildFile; fileRef = 8F5F86E429FCC8890082602F /* HomeTabView.swift */; };
		8F5F86E729FCC8940082602F /* HomeTabViewCell.swift in Sources */ = {isa = PBXBuildFile; fileRef = 8F5F86E629FCC8940082602F /* HomeTabViewCell.swift */; };
		8F5F86EA29FCC9C10082602F /* CellData.swift in Sources */ = {isa = PBXBuildFile; fileRef = 8F5F86E929FCC9C10082602F /* CellData.swift */; };
		8F5F86EC29FCCA510082602F /* Cell_Recommend.swift in Sources */ = {isa = PBXBuildFile; fileRef = 8F5F86EB29FCCA510082602F /* Cell_Recommend.swift */; };
		8F5F86EE29FCCA570082602F /* Cell_Ranking.swift in Sources */ = {isa = PBXBuildFile; fileRef = 8F5F86ED29FCCA570082602F /* Cell_Ranking.swift */; };
		8F5F86F029FCCA5D0082602F /* Cell_Style.swift in Sources */ = {isa = PBXBuildFile; fileRef = 8F5F86EF29FCCA5D0082602F /* Cell_Style.swift */; };
		8F5F86F229FCCA630082602F /* Cell_Sale.swift in Sources */ = {isa = PBXBuildFile; fileRef = 8F5F86F129FCCA630082602F /* Cell_Sale.swift */; };
		8F5F86F429FCCA6A0082602F /* Cell_Event.swift in Sources */ = {isa = PBXBuildFile; fileRef = 8F5F86F329FCCA6A0082602F /* Cell_Event.swift */; };
		8FD3D7F729E7941A00D6ADB2 /* recommendCell3.swift in Sources */ = {isa = PBXBuildFile; fileRef = 8FD3D7F629E7941A00D6ADB2 /* recommendCell3.swift */; };
		8FD3D7F929E7AA5D00D6ADB2 /* recommendCell3Header.swift in Sources */ = {isa = PBXBuildFile; fileRef = 8FD3D7F829E7AA5D00D6ADB2 /* recommendCell3Header.swift */; };
		8FD3D7FB29E7AA6600D6ADB2 /* recommendCell3Footer.swift in Sources */ = {isa = PBXBuildFile; fileRef = 8FD3D7FA29E7AA6600D6ADB2 /* recommendCell3Footer.swift */; };
		8FD3D7FD29E7B9FE00D6ADB2 /* recommendCell4.swift in Sources */ = {isa = PBXBuildFile; fileRef = 8FD3D7FC29E7B9FE00D6ADB2 /* recommendCell4.swift */; };
		8FD3D7FF29E7BA0C00D6ADB2 /* recommendCell4Header.swift in Sources */ = {isa = PBXBuildFile; fileRef = 8FD3D7FE29E7BA0C00D6ADB2 /* recommendCell4Header.swift */; };
		8FD3D80129E7CCDE00D6ADB2 /* recommendCell4Footer.swift in Sources */ = {isa = PBXBuildFile; fileRef = 8FD3D80029E7CCDE00D6ADB2 /* recommendCell4Footer.swift */; };
		8FD3D80529E7D75800D6ADB2 /* ScrollCell1.swift in Sources */ = {isa = PBXBuildFile; fileRef = 8FD3D80429E7D75800D6ADB2 /* ScrollCell1.swift */; };
		8FD3D80929E7E12800D6ADB2 /* ScrollCell2.swift in Sources */ = {isa = PBXBuildFile; fileRef = 8FD3D80829E7E12800D6ADB2 /* ScrollCell2.swift */; };
		8FD3D81129E907C500D6ADB2 /* ScrollHeader.swift in Sources */ = {isa = PBXBuildFile; fileRef = 8FD3D81029E907C500D6ADB2 /* ScrollHeader.swift */; };
/* End PBXBuildFile section */

/* Begin PBXFileReference section */
		8F199A4629E5126B00054D2B /* MusinsaUIReplica.app */ = {isa = PBXFileReference; explicitFileType = wrapper.application; includeInIndex = 0; path = MusinsaUIReplica.app; sourceTree = BUILT_PRODUCTS_DIR; };
		8F199A4929E5126B00054D2B /* AppDelegate.swift */ = {isa = PBXFileReference; lastKnownFileType = sourcecode.swift; path = AppDelegate.swift; sourceTree = "<group>"; };
		8F199A4B29E5126B00054D2B /* SceneDelegate.swift */ = {isa = PBXFileReference; lastKnownFileType = sourcecode.swift; path = SceneDelegate.swift; sourceTree = "<group>"; };
		8F199A4D29E5126B00054D2B /* HomeViewController.swift */ = {isa = PBXFileReference; lastKnownFileType = sourcecode.swift; path = HomeViewController.swift; sourceTree = "<group>"; };
		8F199A5029E5126B00054D2B /* Base */ = {isa = PBXFileReference; lastKnownFileType = file.storyboard; name = Base; path = Base.lproj/Main.storyboard; sourceTree = "<group>"; };
		8F199A5229E5126C00054D2B /* Assets.xcassets */ = {isa = PBXFileReference; lastKnownFileType = folder.assetcatalog; path = Assets.xcassets; sourceTree = "<group>"; };
		8F199A5529E5126C00054D2B /* Base */ = {isa = PBXFileReference; lastKnownFileType = file.storyboard; name = Base; path = Base.lproj/LaunchScreen.storyboard; sourceTree = "<group>"; };
		8F199A5729E5126C00054D2B /* Info.plist */ = {isa = PBXFileReference; lastKnownFileType = text.plist.xml; path = Info.plist; sourceTree = "<group>"; };
		8F199A5D29E5199E00054D2B /* CategoryViewController.swift */ = {isa = PBXFileReference; lastKnownFileType = sourcecode.swift; path = CategoryViewController.swift; sourceTree = "<group>"; };
		8F199A5F29E519C900054D2B /* SnapViewController.swift */ = {isa = PBXFileReference; lastKnownFileType = sourcecode.swift; path = SnapViewController.swift; sourceTree = "<group>"; };
		8F199A6129E519D100054D2B /* LikeViewController.swift */ = {isa = PBXFileReference; lastKnownFileType = sourcecode.swift; path = LikeViewController.swift; sourceTree = "<group>"; };
		8F199A6329E51A8100054D2B /* MyViewController.swift */ = {isa = PBXFileReference; lastKnownFileType = sourcecode.swift; path = MyViewController.swift; sourceTree = "<group>"; };
		8F199A9A29E551CA00054D2B /* recommendSecondCell.swift */ = {isa = PBXFileReference; lastKnownFileType = sourcecode.swift; path = recommendSecondCell.swift; sourceTree = "<group>"; };
		8F5CF12A29E64C3500D0DF12 /* Layout.swift */ = {isa = PBXFileReference; lastKnownFileType = sourcecode.swift; path = Layout.swift; sourceTree = "<group>"; };
		8F5CF12F29E6561F00D0DF12 /* extension.swift */ = {isa = PBXFileReference; lastKnownFileType = sourcecode.swift; path = extension.swift; sourceTree = "<group>"; };
		8F5CF13129E6576B00D0DF12 /* SectionBackgroundDecorationView.swift */ = {isa = PBXFileReference; lastKnownFileType = sourcecode.swift; path = SectionBackgroundDecorationView.swift; sourceTree = "<group>"; };
		8F5CF13429E6644A00D0DF12 /* TopCell.swift */ = {isa = PBXFileReference; lastKnownFileType = sourcecode.swift; path = TopCell.swift; sourceTree = "<group>"; };
		8F5CF13A29E6A2AA00D0DF12 /* recommendFirstCell.swift */ = {isa = PBXFileReference; lastKnownFileType = sourcecode.swift; path = recommendFirstCell.swift; sourceTree = "<group>"; };
		8F5F86DE29FCC6D20082602F /* TabBarController.swift */ = {isa = PBXFileReference; lastKnownFileType = sourcecode.swift; path = TabBarController.swift; sourceTree = "<group>"; };
		8F5F86E029FCC8780082602F /* HomeTabBar.swift */ = {isa = PBXFileReference; lastKnownFileType = sourcecode.swift; path = HomeTabBar.swift; sourceTree = "<group>"; };
		8F5F86E229FCC8820082602F /* HomeTabBarCell.swift */ = {isa = PBXFileReference; lastKnownFileType = sourcecode.swift; path = HomeTabBarCell.swift; sourceTree = "<group>"; };
		8F5F86E429FCC8890082602F /* HomeTabView.swift */ = {isa = PBXFileReference; lastKnownFileType = sourcecode.swift; path = HomeTabView.swift; sourceTree = "<group>"; };
		8F5F86E629FCC8940082602F /* HomeTabViewCell.swift */ = {isa = PBXFileReference; lastKnownFileType = sourcecode.swift; path = HomeTabViewCell.swift; sourceTree = "<group>"; };
		8F5F86E929FCC9C10082602F /* CellData.swift */ = {isa = PBXFileReference; lastKnownFileType = sourcecode.swift; path = CellData.swift; sourceTree = "<group>"; };
		8F5F86EB29FCCA510082602F /* Cell_Recommend.swift */ = {isa = PBXFileReference; lastKnownFileType = sourcecode.swift; path = Cell_Recommend.swift; sourceTree = "<group>"; };
		8F5F86ED29FCCA570082602F /* Cell_Ranking.swift */ = {isa = PBXFileReference; lastKnownFileType = sourcecode.swift; path = Cell_Ranking.swift; sourceTree = "<group>"; };
		8F5F86EF29FCCA5D0082602F /* Cell_Style.swift */ = {isa = PBXFileReference; lastKnownFileType = sourcecode.swift; path = Cell_Style.swift; sourceTree = "<group>"; };
		8F5F86F129FCCA630082602F /* Cell_Sale.swift */ = {isa = PBXFileReference; lastKnownFileType = sourcecode.swift; path = Cell_Sale.swift; sourceTree = "<group>"; };
		8F5F86F329FCCA6A0082602F /* Cell_Event.swift */ = {isa = PBXFileReference; lastKnownFileType = sourcecode.swift; path = Cell_Event.swift; sourceTree = "<group>"; };
		8FD3D7F629E7941A00D6ADB2 /* recommendCell3.swift */ = {isa = PBXFileReference; lastKnownFileType = sourcecode.swift; path = recommendCell3.swift; sourceTree = "<group>"; };
		8FD3D7F829E7AA5D00D6ADB2 /* recommendCell3Header.swift */ = {isa = PBXFileReference; lastKnownFileType = sourcecode.swift; path = recommendCell3Header.swift; sourceTree = "<group>"; };
		8FD3D7FA29E7AA6600D6ADB2 /* recommendCell3Footer.swift */ = {isa = PBXFileReference; lastKnownFileType = sourcecode.swift; path = recommendCell3Footer.swift; sourceTree = "<group>"; };
		8FD3D7FC29E7B9FE00D6ADB2 /* recommendCell4.swift */ = {isa = PBXFileReference; lastKnownFileType = sourcecode.swift; path = recommendCell4.swift; sourceTree = "<group>"; };
		8FD3D7FE29E7BA0C00D6ADB2 /* recommendCell4Header.swift */ = {isa = PBXFileReference; lastKnownFileType = sourcecode.swift; path = recommendCell4Header.swift; sourceTree = "<group>"; };
		8FD3D80029E7CCDE00D6ADB2 /* recommendCell4Footer.swift */ = {isa = PBXFileReference; lastKnownFileType = sourcecode.swift; path = recommendCell4Footer.swift; sourceTree = "<group>"; };
		8FD3D80429E7D75800D6ADB2 /* ScrollCell1.swift */ = {isa = PBXFileReference; lastKnownFileType = sourcecode.swift; path = ScrollCell1.swift; sourceTree = "<group>"; };
		8FD3D80829E7E12800D6ADB2 /* ScrollCell2.swift */ = {isa = PBXFileReference; lastKnownFileType = sourcecode.swift; path = ScrollCell2.swift; sourceTree = "<group>"; };
		8FD3D81029E907C500D6ADB2 /* ScrollHeader.swift */ = {isa = PBXFileReference; lastKnownFileType = sourcecode.swift; path = ScrollHeader.swift; sourceTree = "<group>"; };
/* End PBXFileReference section */

/* Begin PBXFrameworksBuildPhase section */
		8F199A4329E5126B00054D2B /* Frameworks */ = {
			isa = PBXFrameworksBuildPhase;
			buildActionMask = 2147483647;
			files = (
				8F199A9729E54FD200054D2B /* SnapKit in Frameworks */,
			);
			runOnlyForDeploymentPostprocessing = 0;
		};
/* End PBXFrameworksBuildPhase section */

/* Begin PBXGroup section */
		8F199A3D29E5126B00054D2B = {
			isa = PBXGroup;
			children = (
				8F199A4829E5126B00054D2B /* MusinsaUIReplica */,
				8F199A4729E5126B00054D2B /* Products */,
			);
			sourceTree = "<group>";
		};
		8F199A4729E5126B00054D2B /* Products */ = {
			isa = PBXGroup;
			children = (
				8F199A4629E5126B00054D2B /* MusinsaUIReplica.app */,
			);
			name = Products;
			sourceTree = "<group>";
		};
		8F199A4829E5126B00054D2B /* MusinsaUIReplica */ = {
			isa = PBXGroup;
			children = (
				8F199A4929E5126B00054D2B /* AppDelegate.swift */,
				8F199A4B29E5126B00054D2B /* SceneDelegate.swift */,
				8F5F86DE29FCC6D20082602F /* TabBarController.swift */,
				8F5CF13629E6649600D0DF12 /* Home */,
				8F5F86DA29FCC1470082602F /* Category */,
				8F5F86D829FCC0E20082602F /* Like */,
				8F5F86DB29FCC1560082602F /* My */,
				8F5CF12C29E655D000D0DF12 /* Utils */,
				8F199A4F29E5126B00054D2B /* Main.storyboard */,
				8F199A5229E5126C00054D2B /* Assets.xcassets */,
				8F199A5429E5126C00054D2B /* LaunchScreen.storyboard */,
				8F199A5729E5126C00054D2B /* Info.plist */,
			);
			path = MusinsaUIReplica;
			sourceTree = "<group>";
		};
		8F5CF12C29E655D000D0DF12 /* Utils */ = {
			isa = PBXGroup;
			children = (
				8F5CF13129E6576B00D0DF12 /* SectionBackgroundDecorationView.swift */,
				8F5CF12F29E6561F00D0DF12 /* extension.swift */,
				8F5F86E929FCC9C10082602F /* CellData.swift */,
			);
			path = Utils;
			sourceTree = "<group>";
		};
		8F5CF13329E6642E00D0DF12 /* Cell */ = {
			isa = PBXGroup;
			children = (
				8F5CF13429E6644A00D0DF12 /* TopCell.swift */,
				8F5CF13A29E6A2AA00D0DF12 /* recommendFirstCell.swift */,
				8F199A9A29E551CA00054D2B /* recommendSecondCell.swift */,
				8FD3D7F629E7941A00D6ADB2 /* recommendCell3.swift */,
				8FD3D7F829E7AA5D00D6ADB2 /* recommendCell3Header.swift */,
				8FD3D7FA29E7AA6600D6ADB2 /* recommendCell3Footer.swift */,
				8FD3D7FC29E7B9FE00D6ADB2 /* recommendCell4.swift */,
				8FD3D7FE29E7BA0C00D6ADB2 /* recommendCell4Header.swift */,
				8FD3D80029E7CCDE00D6ADB2 /* recommendCell4Footer.swift */,
				8FD3D80429E7D75800D6ADB2 /* ScrollCell1.swift */,
				8FD3D80829E7E12800D6ADB2 /* ScrollCell2.swift */,
				8FD3D81029E907C500D6ADB2 /* ScrollHeader.swift */,
			);
			path = Cell;
			sourceTree = "<group>";
		};
		8F5CF13629E6649600D0DF12 /* Home */ = {
			isa = PBXGroup;
			children = (
				8F199A4D29E5126B00054D2B /* HomeViewController.swift */,
				8F5F86E029FCC8780082602F /* HomeTabBar.swift */,
				8F5F86E229FCC8820082602F /* HomeTabBarCell.swift */,
				8F5F86E429FCC8890082602F /* HomeTabView.swift */,
				8F5F86E629FCC8940082602F /* HomeTabViewCell.swift */,
				8F5F86E829FCC8A10082602F /* HomeTabViewCellData */,
				8F5CF13929E69D1C00D0DF12 /* Layout */,
				8F5CF13329E6642E00D0DF12 /* Cell */,
			);
			path = Home;
			sourceTree = "<group>";
		};
		8F5CF13929E69D1C00D0DF12 /* Layout */ = {
			isa = PBXGroup;
			children = (
				8F5CF12A29E64C3500D0DF12 /* Layout.swift */,
			);
			path = Layout;
			sourceTree = "<group>";
		};
		8F5F86D829FCC0E20082602F /* Like */ = {
			isa = PBXGroup;
			children = (
				8F199A6129E519D100054D2B /* LikeViewController.swift */,
			);
			path = Like;
			sourceTree = "<group>";
		};
		8F5F86D929FCC1440082602F /* Snap */ = {
			isa = PBXGroup;
			children = (
				8F199A5F29E519C900054D2B /* SnapViewController.swift */,
			);
			path = Snap;
			sourceTree = "<group>";
		};
		8F5F86DA29FCC1470082602F /* Category */ = {
			isa = PBXGroup;
			children = (
				8F5F86D929FCC1440082602F /* Snap */,
				8F199A5D29E5199E00054D2B /* CategoryViewController.swift */,
			);
			path = Category;
			sourceTree = "<group>";
		};
		8F5F86DB29FCC1560082602F /* My */ = {
			isa = PBXGroup;
			children = (
				8F199A6329E51A8100054D2B /* MyViewController.swift */,
			);
			path = My;
			sourceTree = "<group>";
		};
		8F5F86E829FCC8A10082602F /* HomeTabViewCellData */ = {
			isa = PBXGroup;
			children = (
				8F5F86EB29FCCA510082602F /* Cell_Recommend.swift */,
				8F5F86ED29FCCA570082602F /* Cell_Ranking.swift */,
				8F5F86EF29FCCA5D0082602F /* Cell_Style.swift */,
				8F5F86F129FCCA630082602F /* Cell_Sale.swift */,
				8F5F86F329FCCA6A0082602F /* Cell_Event.swift */,
			);
			path = HomeTabViewCellData;
			sourceTree = "<group>";
		};
/* End PBXGroup section */

/* Begin PBXNativeTarget section */
		8F199A4529E5126B00054D2B /* MusinsaUIReplica */ = {
			isa = PBXNativeTarget;
			buildConfigurationList = 8F199A5A29E5126C00054D2B /* Build configuration list for PBXNativeTarget "MusinsaUIReplica" */;
			buildPhases = (
				8F199A4229E5126B00054D2B /* Sources */,
				8F199A4329E5126B00054D2B /* Frameworks */,
				8F199A4429E5126B00054D2B /* Resources */,
			);
			buildRules = (
			);
			dependencies = (
			);
			name = MusinsaUIReplica;
			packageProductDependencies = (
				8F199A9629E54FD200054D2B /* SnapKit */,
			);
			productName = MusinsaUIReplica;
			productReference = 8F199A4629E5126B00054D2B /* MusinsaUIReplica.app */;
			productType = "com.apple.product-type.application";
		};
/* End PBXNativeTarget section */

/* Begin PBXProject section */
		8F199A3E29E5126B00054D2B /* Project object */ = {
			isa = PBXProject;
			attributes = {
				BuildIndependentTargetsInParallel = 1;
				LastSwiftUpdateCheck = 1430;
				LastUpgradeCheck = 1430;
				TargetAttributes = {
					8F199A4529E5126B00054D2B = {
						CreatedOnToolsVersion = 14.3;
					};
				};
			};
			buildConfigurationList = 8F199A4129E5126B00054D2B /* Build configuration list for PBXProject "MusinsaUIReplica" */;
			compatibilityVersion = "Xcode 14.0";
			developmentRegion = en;
			hasScannedForEncodings = 0;
			knownRegions = (
				en,
				Base,
			);
			mainGroup = 8F199A3D29E5126B00054D2B;
			packageReferences = (
				8F199A9529E54FD200054D2B /* XCRemoteSwiftPackageReference "SnapKit" */,
			);
			productRefGroup = 8F199A4729E5126B00054D2B /* Products */;
			projectDirPath = "";
			projectRoot = "";
			targets = (
				8F199A4529E5126B00054D2B /* MusinsaUIReplica */,
			);
		};
/* End PBXProject section */

/* Begin PBXResourcesBuildPhase section */
		8F199A4429E5126B00054D2B /* Resources */ = {
			isa = PBXResourcesBuildPhase;
			buildActionMask = 2147483647;
			files = (
				8F199A5629E5126C00054D2B /* LaunchScreen.storyboard in Resources */,
				8F199A5329E5126C00054D2B /* Assets.xcassets in Resources */,
			);
			runOnlyForDeploymentPostprocessing = 0;
		};
/* End PBXResourcesBuildPhase section */

/* Begin PBXSourcesBuildPhase section */
		8F199A4229E5126B00054D2B /* Sources */ = {
			isa = PBXSourcesBuildPhase;
			buildActionMask = 2147483647;
			files = (
				8F199A6029E519C900054D2B /* SnapViewController.swift in Sources */,
				8F5CF13229E6576B00D0DF12 /* SectionBackgroundDecorationView.swift in Sources */,
				8FD3D7F929E7AA5D00D6ADB2 /* recommendCell3Header.swift in Sources */,
				8F5CF12B29E64C3500D0DF12 /* Layout.swift in Sources */,
				8F5F86E529FCC8890082602F /* HomeTabView.swift in Sources */,
				8FD3D80929E7E12800D6ADB2 /* ScrollCell2.swift in Sources */,
				8F5F86EE29FCCA570082602F /* Cell_Ranking.swift in Sources */,
				8F5F86F029FCCA5D0082602F /* Cell_Style.swift in Sources */,
				8F5F86DF29FCC6D20082602F /* TabBarController.swift in Sources */,
				8F5F86E329FCC8820082602F /* HomeTabBarCell.swift in Sources */,
				8FD3D81129E907C500D6ADB2 /* ScrollHeader.swift in Sources */,
				8F199A9B29E551CA00054D2B /* recommendSecondCell.swift in Sources */,
				8F5F86F429FCCA6A0082602F /* Cell_Event.swift in Sources */,
				8FD3D80529E7D75800D6ADB2 /* ScrollCell1.swift in Sources */,
				8F5F86EA29FCC9C10082602F /* CellData.swift in Sources */,
				8F5F86F229FCCA630082602F /* Cell_Sale.swift in Sources */,
				8F199A5E29E5199E00054D2B /* CategoryViewController.swift in Sources */,
				8FD3D80129E7CCDE00D6ADB2 /* recommendCell4Footer.swift in Sources */,
				8F199A4E29E5126B00054D2B /* HomeViewController.swift in Sources */,
				8F5CF13029E6561F00D0DF12 /* extension.swift in Sources */,
				8F5CF13529E6644A00D0DF12 /* TopCell.swift in Sources */,
				8F5F86E729FCC8940082602F /* HomeTabViewCell.swift in Sources */,
				8FD3D7F729E7941A00D6ADB2 /* recommendCell3.swift in Sources */,
				8F5CF13B29E6A2AA00D0DF12 /* recommendFirstCell.swift in Sources */,
				8F199A6429E51A8100054D2B /* MyViewController.swift in Sources */,
				8F199A4A29E5126B00054D2B /* AppDelegate.swift in Sources */,
				8FD3D7FB29E7AA6600D6ADB2 /* recommendCell3Footer.swift in Sources */,
				8F199A4C29E5126B00054D2B /* SceneDelegate.swift in Sources */,
				8FD3D7FF29E7BA0C00D6ADB2 /* recommendCell4Header.swift in Sources */,
				8FD3D7FD29E7B9FE00D6ADB2 /* recommendCell4.swift in Sources */,
				8F199A6229E519D100054D2B /* LikeViewController.swift in Sources */,
				8F5F86EC29FCCA510082602F /* Cell_Recommend.swift in Sources */,
				8F5F86E129FCC8780082602F /* HomeTabBar.swift in Sources */,
			);
			runOnlyForDeploymentPostprocessing = 0;
		};
/* End PBXSourcesBuildPhase section */

/* Begin PBXVariantGroup section */
		8F199A4F29E5126B00054D2B /* Main.storyboard */ = {
			isa = PBXVariantGroup;
			children = (
				8F199A5029E5126B00054D2B /* Base */,
			);
			name = Main.storyboard;
			sourceTree = "<group>";
		};
		8F199A5429E5126C00054D2B /* LaunchScreen.storyboard */ = {
			isa = PBXVariantGroup;
			children = (
				8F199A5529E5126C00054D2B /* Base */,
			);
			name = LaunchScreen.storyboard;
			sourceTree = "<group>";
		};
/* End PBXVariantGroup section */

/* Begin XCBuildConfiguration section */
		8F199A5829E5126C00054D2B /* Debug */ = {
			isa = XCBuildConfiguration;
			buildSettings = {
				ALWAYS_SEARCH_USER_PATHS = NO;
				CLANG_ANALYZER_NONNULL = YES;
				CLANG_ANALYZER_NUMBER_OBJECT_CONVERSION = YES_AGGRESSIVE;
				CLANG_CXX_LANGUAGE_STANDARD = "gnu++20";
				CLANG_ENABLE_MODULES = YES;
				CLANG_ENABLE_OBJC_ARC = YES;
				CLANG_ENABLE_OBJC_WEAK = YES;
				CLANG_WARN_BLOCK_CAPTURE_AUTORELEASING = YES;
				CLANG_WARN_BOOL_CONVERSION = YES;
				CLANG_WARN_COMMA = YES;
				CLANG_WARN_CONSTANT_CONVERSION = YES;
				CLANG_WARN_DEPRECATED_OBJC_IMPLEMENTATIONS = YES;
				CLANG_WARN_DIRECT_OBJC_ISA_USAGE = YES_ERROR;
				CLANG_WARN_DOCUMENTATION_COMMENTS = YES;
				CLANG_WARN_EMPTY_BODY = YES;
				CLANG_WARN_ENUM_CONVERSION = YES;
				CLANG_WARN_INFINITE_RECURSION = YES;
				CLANG_WARN_INT_CONVERSION = YES;
				CLANG_WARN_NON_LITERAL_NULL_CONVERSION = YES;
				CLANG_WARN_OBJC_IMPLICIT_RETAIN_SELF = YES;
				CLANG_WARN_OBJC_LITERAL_CONVERSION = YES;
				CLANG_WARN_OBJC_ROOT_CLASS = YES_ERROR;
				CLANG_WARN_QUOTED_INCLUDE_IN_FRAMEWORK_HEADER = YES;
				CLANG_WARN_RANGE_LOOP_ANALYSIS = YES;
				CLANG_WARN_STRICT_PROTOTYPES = YES;
				CLANG_WARN_SUSPICIOUS_MOVE = YES;
				CLANG_WARN_UNGUARDED_AVAILABILITY = YES_AGGRESSIVE;
				CLANG_WARN_UNREACHABLE_CODE = YES;
				CLANG_WARN__DUPLICATE_METHOD_MATCH = YES;
				COPY_PHASE_STRIP = NO;
				DEBUG_INFORMATION_FORMAT = dwarf;
				ENABLE_STRICT_OBJC_MSGSEND = YES;
				ENABLE_TESTABILITY = YES;
				GCC_C_LANGUAGE_STANDARD = gnu11;
				GCC_DYNAMIC_NO_PIC = NO;
				GCC_NO_COMMON_BLOCKS = YES;
				GCC_OPTIMIZATION_LEVEL = 0;
				GCC_PREPROCESSOR_DEFINITIONS = (
					"DEBUG=1",
					"$(inherited)",
				);
				GCC_WARN_64_TO_32_BIT_CONVERSION = YES;
				GCC_WARN_ABOUT_RETURN_TYPE = YES_ERROR;
				GCC_WARN_UNDECLARED_SELECTOR = YES;
				GCC_WARN_UNINITIALIZED_AUTOS = YES_AGGRESSIVE;
				GCC_WARN_UNUSED_FUNCTION = YES;
				GCC_WARN_UNUSED_VARIABLE = YES;
				IPHONEOS_DEPLOYMENT_TARGET = 16.4;
				MTL_ENABLE_DEBUG_INFO = INCLUDE_SOURCE;
				MTL_FAST_MATH = YES;
				ONLY_ACTIVE_ARCH = YES;
				SDKROOT = iphoneos;
				SWIFT_ACTIVE_COMPILATION_CONDITIONS = DEBUG;
				SWIFT_OPTIMIZATION_LEVEL = "-Onone";
			};
			name = Debug;
		};
		8F199A5929E5126C00054D2B /* Release */ = {
			isa = XCBuildConfiguration;
			buildSettings = {
				ALWAYS_SEARCH_USER_PATHS = NO;
				CLANG_ANALYZER_NONNULL = YES;
				CLANG_ANALYZER_NUMBER_OBJECT_CONVERSION = YES_AGGRESSIVE;
				CLANG_CXX_LANGUAGE_STANDARD = "gnu++20";
				CLANG_ENABLE_MODULES = YES;
				CLANG_ENABLE_OBJC_ARC = YES;
				CLANG_ENABLE_OBJC_WEAK = YES;
				CLANG_WARN_BLOCK_CAPTURE_AUTORELEASING = YES;
				CLANG_WARN_BOOL_CONVERSION = YES;
				CLANG_WARN_COMMA = YES;
				CLANG_WARN_CONSTANT_CONVERSION = YES;
				CLANG_WARN_DEPRECATED_OBJC_IMPLEMENTATIONS = YES;
				CLANG_WARN_DIRECT_OBJC_ISA_USAGE = YES_ERROR;
				CLANG_WARN_DOCUMENTATION_COMMENTS = YES;
				CLANG_WARN_EMPTY_BODY = YES;
				CLANG_WARN_ENUM_CONVERSION = YES;
				CLANG_WARN_INFINITE_RECURSION = YES;
				CLANG_WARN_INT_CONVERSION = YES;
				CLANG_WARN_NON_LITERAL_NULL_CONVERSION = YES;
				CLANG_WARN_OBJC_IMPLICIT_RETAIN_SELF = YES;
				CLANG_WARN_OBJC_LITERAL_CONVERSION = YES;
				CLANG_WARN_OBJC_ROOT_CLASS = YES_ERROR;
				CLANG_WARN_QUOTED_INCLUDE_IN_FRAMEWORK_HEADER = YES;
				CLANG_WARN_RANGE_LOOP_ANALYSIS = YES;
				CLANG_WARN_STRICT_PROTOTYPES = YES;
				CLANG_WARN_SUSPICIOUS_MOVE = YES;
				CLANG_WARN_UNGUARDED_AVAILABILITY = YES_AGGRESSIVE;
				CLANG_WARN_UNREACHABLE_CODE = YES;
				CLANG_WARN__DUPLICATE_METHOD_MATCH = YES;
				COPY_PHASE_STRIP = NO;
				DEBUG_INFORMATION_FORMAT = "dwarf-with-dsym";
				ENABLE_NS_ASSERTIONS = NO;
				ENABLE_STRICT_OBJC_MSGSEND = YES;
				GCC_C_LANGUAGE_STANDARD = gnu11;
				GCC_NO_COMMON_BLOCKS = YES;
				GCC_WARN_64_TO_32_BIT_CONVERSION = YES;
				GCC_WARN_ABOUT_RETURN_TYPE = YES_ERROR;
				GCC_WARN_UNDECLARED_SELECTOR = YES;
				GCC_WARN_UNINITIALIZED_AUTOS = YES_AGGRESSIVE;
				GCC_WARN_UNUSED_FUNCTION = YES;
				GCC_WARN_UNUSED_VARIABLE = YES;
				IPHONEOS_DEPLOYMENT_TARGET = 16.4;
				MTL_ENABLE_DEBUG_INFO = NO;
				MTL_FAST_MATH = YES;
				SDKROOT = iphoneos;
				SWIFT_COMPILATION_MODE = wholemodule;
				SWIFT_OPTIMIZATION_LEVEL = "-O";
				VALIDATE_PRODUCT = YES;
			};
			name = Release;
		};
		8F199A5B29E5126C00054D2B /* Debug */ = {
			isa = XCBuildConfiguration;
			buildSettings = {
				ASSETCATALOG_COMPILER_APPICON_NAME = AppIcon;
				ASSETCATALOG_COMPILER_GLOBAL_ACCENT_COLOR_NAME = AccentColor;
				CODE_SIGN_STYLE = Automatic;
				CURRENT_PROJECT_VERSION = 1;
				DEVELOPMENT_TEAM = 89BLGRU39K;
				GENERATE_INFOPLIST_FILE = YES;
				INFOPLIST_FILE = MusinsaUIReplica/Info.plist;
				INFOPLIST_KEY_UIApplicationSupportsIndirectInputEvents = YES;
				INFOPLIST_KEY_UILaunchStoryboardName = LaunchScreen;
				INFOPLIST_KEY_UIMainStoryboardFile = "";
				INFOPLIST_KEY_UISupportedInterfaceOrientations_iPad = "UIInterfaceOrientationPortrait UIInterfaceOrientationPortraitUpsideDown UIInterfaceOrientationLandscapeLeft UIInterfaceOrientationLandscapeRight";
				INFOPLIST_KEY_UISupportedInterfaceOrientations_iPhone = "UIInterfaceOrientationPortrait UIInterfaceOrientationLandscapeLeft UIInterfaceOrientationLandscapeRight";
				LD_RUNPATH_SEARCH_PATHS = (
					"$(inherited)",
					"@executable_path/Frameworks",
				);
				MARKETING_VERSION = 1.0;
				PRODUCT_BUNDLE_IDENTIFIER = com.hsuuuk.MusinsaUIReplica;
				PRODUCT_NAME = "$(TARGET_NAME)";
				SWIFT_EMIT_LOC_STRINGS = YES;
				SWIFT_VERSION = 5.0;
				TARGETED_DEVICE_FAMILY = "1,2";
			};
			name = Debug;
		};
		8F199A5C29E5126C00054D2B /* Release */ = {
			isa = XCBuildConfiguration;
			buildSettings = {
				ASSETCATALOG_COMPILER_APPICON_NAME = AppIcon;
				ASSETCATALOG_COMPILER_GLOBAL_ACCENT_COLOR_NAME = AccentColor;
				CODE_SIGN_STYLE = Automatic;
				CURRENT_PROJECT_VERSION = 1;
				DEVELOPMENT_TEAM = 89BLGRU39K;
				GENERATE_INFOPLIST_FILE = YES;
				INFOPLIST_FILE = MusinsaUIReplica/Info.plist;
				INFOPLIST_KEY_UIApplicationSupportsIndirectInputEvents = YES;
				INFOPLIST_KEY_UILaunchStoryboardName = LaunchScreen;
				INFOPLIST_KEY_UIMainStoryboardFile = "";
				INFOPLIST_KEY_UISupportedInterfaceOrientations_iPad = "UIInterfaceOrientationPortrait UIInterfaceOrientationPortraitUpsideDown UIInterfaceOrientationLandscapeLeft UIInterfaceOrientationLandscapeRight";
				INFOPLIST_KEY_UISupportedInterfaceOrientations_iPhone = "UIInterfaceOrientationPortrait UIInterfaceOrientationLandscapeLeft UIInterfaceOrientationLandscapeRight";
				LD_RUNPATH_SEARCH_PATHS = (
					"$(inherited)",
					"@executable_path/Frameworks",
				);
				MARKETING_VERSION = 1.0;
				PRODUCT_BUNDLE_IDENTIFIER = com.hsuuuk.MusinsaUIReplica;
				PRODUCT_NAME = "$(TARGET_NAME)";
				SWIFT_EMIT_LOC_STRINGS = YES;
				SWIFT_VERSION = 5.0;
				TARGETED_DEVICE_FAMILY = "1,2";
			};
			name = Release;
		};
/* End XCBuildConfiguration section */

/* Begin XCConfigurationList section */
		8F199A4129E5126B00054D2B /* Build configuration list for PBXProject "MusinsaUIReplica" */ = {
			isa = XCConfigurationList;
			buildConfigurations = (
				8F199A5829E5126C00054D2B /* Debug */,
				8F199A5929E5126C00054D2B /* Release */,
			);
			defaultConfigurationIsVisible = 0;
			defaultConfigurationName = Release;
		};
		8F199A5A29E5126C00054D2B /* Build configuration list for PBXNativeTarget "MusinsaUIReplica" */ = {
			isa = XCConfigurationList;
			buildConfigurations = (
				8F199A5B29E5126C00054D2B /* Debug */,
				8F199A5C29E5126C00054D2B /* Release */,
			);
			defaultConfigurationIsVisible = 0;
			defaultConfigurationName = Release;
		};
/* End XCConfigurationList section */

/* Begin XCRemoteSwiftPackageReference section */
		8F199A9529E54FD200054D2B /* XCRemoteSwiftPackageReference "SnapKit" */ = {
			isa = XCRemoteSwiftPackageReference;
			repositoryURL = "https://github.com/SnapKit/SnapKit";
			requirement = {
				kind = upToNextMajorVersion;
				minimumVersion = 5.0.0;
			};
		};
/* End XCRemoteSwiftPackageReference section */

/* Begin XCSwiftPackageProductDependency section */
		8F199A9629E54FD200054D2B /* SnapKit */ = {
			isa = XCSwiftPackageProductDependency;
			package = 8F199A9529E54FD200054D2B /* XCRemoteSwiftPackageReference "SnapKit" */;
			productName = SnapKit;
		};
/* End XCSwiftPackageProductDependency section */
	};
	rootObject = 8F199A3E29E5126B00054D2B /* Project object */;
}
