// !$*UTF8*$!
{
	archiveVersion = 1;
	classes = {
	};
	objectVersion = 56;
	objects = {

/* Begin PBXBuildFile section */
		8F199A4A29E5126B00054D2B /* AppDelegate.swift in Sources */ = {isa = PBXBuildFile; fileRef = 8F199A4929E5126B00054D2B /* AppDelegate.swift */; };
		8F199A4C29E5126B00054D2B /* SceneDelegate.swift in Sources */ = {isa = PBXBuildFile; fileRef = 8F199A4B29E5126B00054D2B /* SceneDelegate.swift */; };
		8F199A4E29E5126B00054D2B /* HomeViewController.swift in Sources */ = {isa = PBXBuildFile; fileRef = 8F199A4D29E5126B00054D2B /* HomeViewController.swift */; };
		8F199A5329E5126C00054D2B /* Assets.xcassets in Resources */ = {isa = PBXBuildFile; fileRef = 8F199A5229E5126C00054D2B /* Assets.xcassets */; };
		8F199A5629E5126C00054D2B /* LaunchScreen.storyboard in Resources */ = {isa = PBXBuildFile; fileRef = 8F199A5429E5126C00054D2B /* LaunchScreen.storyboard */; };
		8F199A5E29E5199E00054D2B /* CategoryViewController.swift in Sources */ = {isa = PBXBuildFile; fileRef = 8F199A5D29E5199E00054D2B /* CategoryViewController.swift */; };
		8F199A6029E519C900054D2B /* SnapViewController.swift in Sources */ = {isa = PBXBuildFile; fileRef = 8F199A5F29E519C900054D2B /* SnapViewController.swift */; };
		8F199A6229E519D100054D2B /* LikeViewController.swift in Sources */ = {isa = PBXBuildFile; fileRef = 8F199A6129E519D100054D2B /* LikeViewController.swift */; };
		8F199A6429E51A8100054D2B /* MyViewController.swift in Sources */ = {isa = PBXBuildFile; fileRef = 8F199A6329E51A8100054D2B /* MyViewController.swift */; };
		8F199A9729E54FD200054D2B /* SnapKit in Frameworks */ = {isa = PBXBuildFile; productRef = 8F199A9629E54FD200054D2B /* SnapKit */; };
		8F43EBBC29FD478E00A91CA7 /* Cell_Event.swift in Sources */ = {isa = PBXBuildFile; fileRef = 8F43EBAB29FD478E00A91CA7 /* Cell_Event.swift */; };
		8F43EBBD29FD478E00A91CA7 /* Cell_Ranking.swift in Sources */ = {isa = PBXBuildFile; fileRef = 8F43EBAC29FD478E00A91CA7 /* Cell_Ranking.swift */; };
		8F43EBBE29FD478E00A91CA7 /* RecommendCell5_2.swift in Sources */ = {isa = PBXBuildFile; fileRef = 8F43EBAE29FD478E00A91CA7 /* RecommendCell5_2.swift */; };
		8F43EBBF29FD478E00A91CA7 /* RecommendCell3Footer.swift in Sources */ = {isa = PBXBuildFile; fileRef = 8F43EBAF29FD478E00A91CA7 /* RecommendCell3Footer.swift */; };
		8F43EBC029FD478E00A91CA7 /* Cell_Recommend.swift in Sources */ = {isa = PBXBuildFile; fileRef = 8F43EBB029FD478E00A91CA7 /* Cell_Recommend.swift */; };
		8F43EBC129FD478E00A91CA7 /* RecommendCell5_1.swift in Sources */ = {isa = PBXBuildFile; fileRef = 8F43EBB129FD478E00A91CA7 /* RecommendCell5_1.swift */; };
		8F43EBC229FD478E00A91CA7 /* RecommendCell4Header.swift in Sources */ = {isa = PBXBuildFile; fileRef = 8F43EBB229FD478E00A91CA7 /* RecommendCell4Header.swift */; };
		8F43EBC329FD478E00A91CA7 /* RecommendCell3Header.swift in Sources */ = {isa = PBXBuildFile; fileRef = 8F43EBB329FD478E00A91CA7 /* RecommendCell3Header.swift */; };
		8F43EBC429FD478E00A91CA7 /* RecommendCell4.swift in Sources */ = {isa = PBXBuildFile; fileRef = 8F43EBB429FD478E00A91CA7 /* RecommendCell4.swift */; };
		8F43EBC529FD478E00A91CA7 /* RecommendCell2.swift in Sources */ = {isa = PBXBuildFile; fileRef = 8F43EBB529FD478E00A91CA7 /* RecommendCell2.swift */; };
		8F43EBC629FD478E00A91CA7 /* RecommendCell5Header.swift in Sources */ = {isa = PBXBuildFile; fileRef = 8F43EBB629FD478E00A91CA7 /* RecommendCell5Header.swift */; };
		8F43EBC729FD478E00A91CA7 /* RecommendCell4Footer.swift in Sources */ = {isa = PBXBuildFile; fileRef = 8F43EBB729FD478E00A91CA7 /* RecommendCell4Footer.swift */; };
		8F43EBC829FD478E00A91CA7 /* RecommendCell3.swift in Sources */ = {isa = PBXBuildFile; fileRef = 8F43EBB829FD478E00A91CA7 /* RecommendCell3.swift */; };
		8F43EBC929FD478E00A91CA7 /* RecommendCell1.swift in Sources */ = {isa = PBXBuildFile; fileRef = 8F43EBB929FD478E00A91CA7 /* RecommendCell1.swift */; };
		8F43EBCA29FD478E00A91CA7 /* Cell_Style.swift in Sources */ = {isa = PBXBuildFile; fileRef = 8F43EBBA29FD478E00A91CA7 /* Cell_Style.swift */; };
		8F43EBCB29FD478E00A91CA7 /* Cell_Sale.swift in Sources */ = {isa = PBXBuildFile; fileRef = 8F43EBBB29FD478E00A91CA7 /* Cell_Sale.swift */; };
		8F43EBCD29FDF42100A91CA7 /* CategorySideTabView.swift in Sources */ = {isa = PBXBuildFile; fileRef = 8F43EBCC29FDF42100A91CA7 /* CategorySideTabView.swift */; };
		8F43EBCF29FDF43300A91CA7 /* CategoryTopTabView.swift in Sources */ = {isa = PBXBuildFile; fileRef = 8F43EBCE29FDF43300A91CA7 /* CategoryTopTabView.swift */; };
		8F43EBD129FDF44700A91CA7 /* CategoryiTemView.swift in Sources */ = {isa = PBXBuildFile; fileRef = 8F43EBD029FDF44700A91CA7 /* CategoryiTemView.swift */; };
		8F43EBD529FE246800A91CA7 /* CategoryTopTabViewCell.swift in Sources */ = {isa = PBXBuildFile; fileRef = 8F43EBD429FE246800A91CA7 /* CategoryTopTabViewCell.swift */; };
		8F43EBD729FE31C900A91CA7 /* CategoryiTemViewCell.swift in Sources */ = {isa = PBXBuildFile; fileRef = 8F43EBD629FE31C900A91CA7 /* CategoryiTemViewCell.swift */; };
		8F5CF13029E6561F00D0DF12 /* extension.swift in Sources */ = {isa = PBXBuildFile; fileRef = 8F5CF12F29E6561F00D0DF12 /* extension.swift */; };
		8F5CF13229E6576B00D0DF12 /* SectionBackgroundDecorationView.swift in Sources */ = {isa = PBXBuildFile; fileRef = 8F5CF13129E6576B00D0DF12 /* SectionBackgroundDecorationView.swift */; };
		8F5F86DF29FCC6D20082602F /* TabBarController.swift in Sources */ = {isa = PBXBuildFile; fileRef = 8F5F86DE29FCC6D20082602F /* TabBarController.swift */; };
		8F5F86E129FCC8780082602F /* HomeTabBar.swift in Sources */ = {isa = PBXBuildFile; fileRef = 8F5F86E029FCC8780082602F /* HomeTabBar.swift */; };
		8F5F86E329FCC8820082602F /* HomeTabBarCell.swift in Sources */ = {isa = PBXBuildFile; fileRef = 8F5F86E229FCC8820082602F /* HomeTabBarCell.swift */; };
		8F5F86E529FCC8890082602F /* HomeTabView.swift in Sources */ = {isa = PBXBuildFile; fileRef = 8F5F86E429FCC8890082602F /* HomeTabView.swift */; };
		8F5F86E729FCC8940082602F /* HomeTabViewCell.swift in Sources */ = {isa = PBXBuildFile; fileRef = 8F5F86E629FCC8940082602F /* HomeTabViewCell.swift */; };
		8F5F86EA29FCC9C10082602F /* CellData.swift in Sources */ = {isa = PBXBuildFile; fileRef = 8F5F86E929FCC9C10082602F /* CellData.swift */; };
		8FBAB36729FF638D00B68128 /* CategorySideTabViewCell.swift in Sources */ = {isa = PBXBuildFile; fileRef = 8FBAB36629FF638D00B68128 /* CategorySideTabViewCell.swift */; };
		8FBAB36929FF72F700B68128 /* CategoryiTemViewHeader.swift in Sources */ = {isa = PBXBuildFile; fileRef = 8FBAB36829FF72F700B68128 /* CategoryiTemViewHeader.swift */; };
		8FBAB36C29FFA5CA00B68128 /* SaleCellItem.swift in Sources */ = {isa = PBXBuildFile; fileRef = 8FBAB36B29FFA5CA00B68128 /* SaleCellItem.swift */; };
/* End PBXBuildFile section */

/* Begin PBXFileReference section */
		8F199A4629E5126B00054D2B /* MusinsaUIReplica.app */ = {isa = PBXFileReference; explicitFileType = wrapper.application; includeInIndex = 0; path = MusinsaUIReplica.app; sourceTree = BUILT_PRODUCTS_DIR; };
		8F199A4929E5126B00054D2B /* AppDelegate.swift */ = {isa = PBXFileReference; lastKnownFileType = sourcecode.swift; path = AppDelegate.swift; sourceTree = "<group>"; };
		8F199A4B29E5126B00054D2B /* SceneDelegate.swift */ = {isa = PBXFileReference; lastKnownFileType = sourcecode.swift; path = SceneDelegate.swift; sourceTree = "<group>"; };
		8F199A4D29E5126B00054D2B /* HomeViewController.swift */ = {isa = PBXFileReference; lastKnownFileType = sourcecode.swift; path = HomeViewController.swift; sourceTree = "<group>"; };
		8F199A5029E5126B00054D2B /* Base */ = {isa = PBXFileReference; lastKnownFileType = file.storyboard; name = Base; path = Base.lproj/Main.storyboard; sourceTree = "<group>"; };
		8F199A5229E5126C00054D2B /* Assets.xcassets */ = {isa = PBXFileReference; lastKnownFileType = folder.assetcatalog; path = Assets.xcassets; sourceTree = "<group>"; };
		8F199A5529E5126C00054D2B /* Base */ = {isa = PBXFileReference; lastKnownFileType = file.storyboard; name = Base; path = Base.lproj/LaunchScreen.storyboard; sourceTree = "<group>"; };
		8F199A5729E5126C00054D2B /* Info.plist */ = {isa = PBXFileReference; lastKnownFileType = text.plist.xml; path = Info.plist; sourceTree = "<group>"; };
		8F199A5D29E5199E00054D2B /* CategoryViewController.swift */ = {isa = PBXFileReference; lastKnownFileType = sourcecode.swift; path = CategoryViewController.swift; sourceTree = "<group>"; };
		8F199A5F29E519C900054D2B /* SnapViewController.swift */ = {isa = PBXFileReference; lastKnownFileType = sourcecode.swift; path = SnapViewController.swift; sourceTree = "<group>"; };
		8F199A6129E519D100054D2B /* LikeViewController.swift */ = {isa = PBXFileReference; lastKnownFileType = sourcecode.swift; path = LikeViewController.swift; sourceTree = "<group>"; };
		8F199A6329E51A8100054D2B /* MyViewController.swift */ = {isa = PBXFileReference; lastKnownFileType = sourcecode.swift; path = MyViewController.swift; sourceTree = "<group>"; };
		8F43EBAB29FD478E00A91CA7 /* Cell_Event.swift */ = {isa = PBXFileReference; fileEncoding = 4; lastKnownFileType = sourcecode.swift; path = Cell_Event.swift; sourceTree = "<group>"; };
		8F43EBAC29FD478E00A91CA7 /* Cell_Ranking.swift */ = {isa = PBXFileReference; fileEncoding = 4; lastKnownFileType = sourcecode.swift; path = Cell_Ranking.swift; sourceTree = "<group>"; };
		8F43EBAE29FD478E00A91CA7 /* RecommendCell5_2.swift */ = {isa = PBXFileReference; fileEncoding = 4; lastKnownFileType = sourcecode.swift; path = RecommendCell5_2.swift; sourceTree = "<group>"; };
		8F43EBAF29FD478E00A91CA7 /* RecommendCell3Footer.swift */ = {isa = PBXFileReference; fileEncoding = 4; lastKnownFileType = sourcecode.swift; path = RecommendCell3Footer.swift; sourceTree = "<group>"; };
		8F43EBB029FD478E00A91CA7 /* Cell_Recommend.swift */ = {isa = PBXFileReference; fileEncoding = 4; lastKnownFileType = sourcecode.swift; path = Cell_Recommend.swift; sourceTree = "<group>"; };
		8F43EBB129FD478E00A91CA7 /* RecommendCell5_1.swift */ = {isa = PBXFileReference; fileEncoding = 4; lastKnownFileType = sourcecode.swift; path = RecommendCell5_1.swift; sourceTree = "<group>"; };
		8F43EBB229FD478E00A91CA7 /* RecommendCell4Header.swift */ = {isa = PBXFileReference; fileEncoding = 4; lastKnownFileType = sourcecode.swift; path = RecommendCell4Header.swift; sourceTree = "<group>"; };
		8F43EBB329FD478E00A91CA7 /* RecommendCell3Header.swift */ = {isa = PBXFileReference; fileEncoding = 4; lastKnownFileType = sourcecode.swift; path = RecommendCell3Header.swift; sourceTree = "<group>"; };
		8F43EBB429FD478E00A91CA7 /* RecommendCell4.swift */ = {isa = PBXFileReference; fileEncoding = 4; lastKnownFileType = sourcecode.swift; path = RecommendCell4.swift; sourceTree = "<group>"; };
		8F43EBB529FD478E00A91CA7 /* RecommendCell2.swift */ = {isa = PBXFileReference; fileEncoding = 4; lastKnownFileType = sourcecode.swift; path = RecommendCell2.swift; sourceTree = "<group>"; };
		8F43EBB629FD478E00A91CA7 /* RecommendCell5Header.swift */ = {isa = PBXFileReference; fileEncoding = 4; lastKnownFileType = sourcecode.swift; path = RecommendCell5Header.swift; sourceTree = "<group>"; };
		8F43EBB729FD478E00A91CA7 /* RecommendCell4Footer.swift */ = {isa = PBXFileReference; fileEncoding = 4; lastKnownFileType = sourcecode.swift; path = RecommendCell4Footer.swift; sourceTree = "<group>"; };
		8F43EBB829FD478E00A91CA7 /* RecommendCell3.swift */ = {isa = PBXFileReference; fileEncoding = 4; lastKnownFileType = sourcecode.swift; path = RecommendCell3.swift; sourceTree = "<group>"; };
		8F43EBB929FD478E00A91CA7 /* RecommendCell1.swift */ = {isa = PBXFileReference; fileEncoding = 4; lastKnownFileType = sourcecode.swift; path = RecommendCell1.swift; sourceTree = "<group>"; };
		8F43EBBA29FD478E00A91CA7 /* Cell_Style.swift */ = {isa = PBXFileReference; fileEncoding = 4; lastKnownFileType = sourcecode.swift; path = Cell_Style.swift; sourceTree = "<group>"; };
		8F43EBBB29FD478E00A91CA7 /* Cell_Sale.swift */ = {isa = PBXFileReference; fileEncoding = 4; lastKnownFileType = sourcecode.swift; path = Cell_Sale.swift; sourceTree = "<group>"; };
		8F43EBCC29FDF42100A91CA7 /* CategorySideTabView.swift */ = {isa = PBXFileReference; lastKnownFileType = sourcecode.swift; path = CategorySideTabView.swift; sourceTree = "<group>"; };
		8F43EBCE29FDF43300A91CA7 /* CategoryTopTabView.swift */ = {isa = PBXFileReference; lastKnownFileType = sourcecode.swift; path = CategoryTopTabView.swift; sourceTree = "<group>"; };
		8F43EBD029FDF44700A91CA7 /* CategoryiTemView.swift */ = {isa = PBXFileReference; lastKnownFileType = sourcecode.swift; path = CategoryiTemView.swift; sourceTree = "<group>"; };
		8F43EBD429FE246800A91CA7 /* CategoryTopTabViewCell.swift */ = {isa = PBXFileReference; lastKnownFileType = sourcecode.swift; path = CategoryTopTabViewCell.swift; sourceTree = "<group>"; };
		8F43EBD629FE31C900A91CA7 /* CategoryiTemViewCell.swift */ = {isa = PBXFileReference; lastKnownFileType = sourcecode.swift; path = CategoryiTemViewCell.swift; sourceTree = "<group>"; };
		8F5CF12F29E6561F00D0DF12 /* extension.swift */ = {isa = PBXFileReference; lastKnownFileType = sourcecode.swift; path = extension.swift; sourceTree = "<group>"; };
		8F5CF13129E6576B00D0DF12 /* SectionBackgroundDecorationView.swift */ = {isa = PBXFileReference; lastKnownFileType = sourcecode.swift; path = SectionBackgroundDecorationView.swift; sourceTree = "<group>"; };
		8F5F86DE29FCC6D20082602F /* TabBarController.swift */ = {isa = PBXFileReference; lastKnownFileType = sourcecode.swift; path = TabBarController.swift; sourceTree = "<group>"; };
		8F5F86E029FCC8780082602F /* HomeTabBar.swift */ = {isa = PBXFileReference; lastKnownFileType = sourcecode.swift; path = HomeTabBar.swift; sourceTree = "<group>"; };
		8F5F86E229FCC8820082602F /* HomeTabBarCell.swift */ = {isa = PBXFileReference; lastKnownFileType = sourcecode.swift; path = HomeTabBarCell.swift; sourceTree = "<group>"; };
		8F5F86E429FCC8890082602F /* HomeTabView.swift */ = {isa = PBXFileReference; lastKnownFileType = sourcecode.swift; path = HomeTabView.swift; sourceTree = "<group>"; };
		8F5F86E629FCC8940082602F /* HomeTabViewCell.swift */ = {isa = PBXFileReference; lastKnownFileType = sourcecode.swift; path = HomeTabViewCell.swift; sourceTree = "<group>"; };
		8F5F86E929FCC9C10082602F /* CellData.swift */ = {isa = PBXFileReference; lastKnownFileType = sourcecode.swift; path = CellData.swift; sourceTree = "<group>"; };
		8FBAB36629FF638D00B68128 /* CategorySideTabViewCell.swift */ = {isa = PBXFileReference; lastKnownFileType = sourcecode.swift; path = CategorySideTabViewCell.swift; sourceTree = "<group>"; };
		8FBAB36829FF72F700B68128 /* CategoryiTemViewHeader.swift */ = {isa = PBXFileReference; lastKnownFileType = sourcecode.swift; path = CategoryiTemViewHeader.swift; sourceTree = "<group>"; };
		8FBAB36B29FFA5CA00B68128 /* SaleCellItem.swift */ = {isa = PBXFileReference; lastKnownFileType = sourcecode.swift; path = SaleCellItem.swift; sourceTree = "<group>"; };
/* End PBXFileReference section */

/* Begin PBXFrameworksBuildPhase section */
		8F199A4329E5126B00054D2B /* Frameworks */ = {
			isa = PBXFrameworksBuildPhase;
			buildActionMask = 2147483647;
			files = (
				8F199A9729E54FD200054D2B /* SnapKit in Frameworks */,
			);
			runOnlyForDeploymentPostprocessing = 0;
		};
/* End PBXFrameworksBuildPhase section */

/* Begin PBXGroup section */
		8F199A3D29E5126B00054D2B = {
			isa = PBXGroup;
			children = (
				8F199A4829E5126B00054D2B /* MusinsaUIReplica */,
				8F199A4729E5126B00054D2B /* Products */,
			);
			sourceTree = "<group>";
		};
		8F199A4729E5126B00054D2B /* Products */ = {
			isa = PBXGroup;
			children = (
				8F199A4629E5126B00054D2B /* MusinsaUIReplica.app */,
			);
			name = Products;
			sourceTree = "<group>";
		};
		8F199A4829E5126B00054D2B /* MusinsaUIReplica */ = {
			isa = PBXGroup;
			children = (
				8F199A4929E5126B00054D2B /* AppDelegate.swift */,
				8F199A4B29E5126B00054D2B /* SceneDelegate.swift */,
				8F5F86DE29FCC6D20082602F /* TabBarController.swift */,
				8F5CF13629E6649600D0DF12 /* Home */,
				8F5F86DA29FCC1470082602F /* Category */,
				8F5F86D929FCC1440082602F /* Snap */,
				8F5F86D829FCC0E20082602F /* Like */,
				8F5F86DB29FCC1560082602F /* My */,
				8F5CF12C29E655D000D0DF12 /* Utils */,
				8F199A4F29E5126B00054D2B /* Main.storyboard */,
				8F199A5229E5126C00054D2B /* Assets.xcassets */,
				8F199A5429E5126C00054D2B /* LaunchScreen.storyboard */,
				8F199A5729E5126C00054D2B /* Info.plist */,
			);
			path = MusinsaUIReplica;
			sourceTree = "<group>";
		};
		8F43EBAA29FD478E00A91CA7 /* HomeCellData */ = {
			isa = PBXGroup;
			children = (
				8FBAB36A29FF9AFC00B68128 /* CEll_Sale */,
				8F43EBAD29FD478E00A91CA7 /* Cell_Recommend */,
				8F43EBAB29FD478E00A91CA7 /* Cell_Event.swift */,
				8F43EBAC29FD478E00A91CA7 /* Cell_Ranking.swift */,
				8F43EBBA29FD478E00A91CA7 /* Cell_Style.swift */,
			);
			path = HomeCellData;
			sourceTree = "<group>";
		};
		8F43EBAD29FD478E00A91CA7 /* Cell_Recommend */ = {
			isa = PBXGroup;
			children = (
				8F43EBB029FD478E00A91CA7 /* Cell_Recommend.swift */,
				8F43EBB929FD478E00A91CA7 /* RecommendCell1.swift */,
				8F43EBB529FD478E00A91CA7 /* RecommendCell2.swift */,
				8F43EBB829FD478E00A91CA7 /* RecommendCell3.swift */,
				8F43EBB329FD478E00A91CA7 /* RecommendCell3Header.swift */,
				8F43EBAF29FD478E00A91CA7 /* RecommendCell3Footer.swift */,
				8F43EBB429FD478E00A91CA7 /* RecommendCell4.swift */,
				8F43EBB229FD478E00A91CA7 /* RecommendCell4Header.swift */,
				8F43EBB729FD478E00A91CA7 /* RecommendCell4Footer.swift */,
				8F43EBAE29FD478E00A91CA7 /* RecommendCell5_2.swift */,
				8F43EBB129FD478E00A91CA7 /* RecommendCell5_1.swift */,
				8F43EBB629FD478E00A91CA7 /* RecommendCell5Header.swift */,
			);
			path = Cell_Recommend;
			sourceTree = "<group>";
		};
		8F5CF12C29E655D000D0DF12 /* Utils */ = {
			isa = PBXGroup;
			children = (
				8F5CF13129E6576B00D0DF12 /* SectionBackgroundDecorationView.swift */,
				8F5CF12F29E6561F00D0DF12 /* extension.swift */,
				8F5F86E929FCC9C10082602F /* CellData.swift */,
			);
			path = Utils;
			sourceTree = "<group>";
		};
		8F5CF13629E6649600D0DF12 /* Home */ = {
			isa = PBXGroup;
			children = (
				8F199A4D29E5126B00054D2B /* HomeViewController.swift */,
				8F5F86E029FCC8780082602F /* HomeTabBar.swift */,
				8F5F86E229FCC8820082602F /* HomeTabBarCell.swift */,
				8F5F86E429FCC8890082602F /* HomeTabView.swift */,
				8F5F86E629FCC8940082602F /* HomeTabViewCell.swift */,
				8F43EBAA29FD478E00A91CA7 /* HomeCellData */,
			);
			path = Home;
			sourceTree = "<group>";
		};
		8F5F86D829FCC0E20082602F /* Like */ = {
			isa = PBXGroup;
			children = (
				8F199A6129E519D100054D2B /* LikeViewController.swift */,
			);
			path = Like;
			sourceTree = "<group>";
		};
		8F5F86D929FCC1440082602F /* Snap */ = {
			isa = PBXGroup;
			children = (
				8F199A5F29E519C900054D2B /* SnapViewController.swift */,
			);
			path = Snap;
			sourceTree = "<group>";
		};
		8F5F86DA29FCC1470082602F /* Category */ = {
			isa = PBXGroup;
			children = (
				8F199A5D29E5199E00054D2B /* CategoryViewController.swift */,
				8F43EBCE29FDF43300A91CA7 /* CategoryTopTabView.swift */,
				8F43EBD429FE246800A91CA7 /* CategoryTopTabViewCell.swift */,
				8F43EBCC29FDF42100A91CA7 /* CategorySideTabView.swift */,
				8FBAB36629FF638D00B68128 /* CategorySideTabViewCell.swift */,
				8F43EBD029FDF44700A91CA7 /* CategoryiTemView.swift */,
				8F43EBD629FE31C900A91CA7 /* CategoryiTemViewCell.swift */,
				8FBAB36829FF72F700B68128 /* CategoryiTemViewHeader.swift */,
			);
			path = Category;
			sourceTree = "<group>";
		};
		8F5F86DB29FCC1560082602F /* My */ = {
			isa = PBXGroup;
			children = (
				8F199A6329E51A8100054D2B /* MyViewController.swift */,
			);
			path = My;
			sourceTree = "<group>";
		};
		8FBAB36A29FF9AFC00B68128 /* CEll_Sale */ = {
			isa = PBXGroup;
			children = (
				8F43EBBB29FD478E00A91CA7 /* Cell_Sale.swift */,
				8FBAB36B29FFA5CA00B68128 /* SaleCellItem.swift */,
			);
			path = CEll_Sale;
			sourceTree = "<group>";
		};
/* End PBXGroup section */

/* Begin PBXNativeTarget section */
		8F199A4529E5126B00054D2B /* MusinsaUIReplica */ = {
			isa = PBXNativeTarget;
			buildConfigurationList = 8F199A5A29E5126C00054D2B /* Build configuration list for PBXNativeTarget "MusinsaUIReplica" */;
			buildPhases = (
				8F199A4229E5126B00054D2B /* Sources */,
				8F199A4329E5126B00054D2B /* Frameworks */,
				8F199A4429E5126B00054D2B /* Resources */,
			);
			buildRules = (
			);
			dependencies = (
			);
			name = MusinsaUIReplica;
			packageProductDependencies = (
				8F199A9629E54FD200054D2B /* SnapKit */,
			);
			productName = MusinsaUIReplica;
			productReference = 8F199A4629E5126B00054D2B /* MusinsaUIReplica.app */;
			productType = "com.apple.product-type.application";
		};
/* End PBXNativeTarget section */

/* Begin PBXProject section */
		8F199A3E29E5126B00054D2B /* Project object */ = {
			isa = PBXProject;
			attributes = {
				BuildIndependentTargetsInParallel = 1;
				LastSwiftUpdateCheck = 1430;
				LastUpgradeCheck = 1430;
				TargetAttributes = {
					8F199A4529E5126B00054D2B = {
						CreatedOnToolsVersion = 14.3;
					};
				};
			};
			buildConfigurationList = 8F199A4129E5126B00054D2B /* Build configuration list for PBXProject "MusinsaUIReplica" */;
			compatibilityVersion = "Xcode 14.0";
			developmentRegion = en;
			hasScannedForEncodings = 0;
			knownRegions = (
				en,
				Base,
			);
			mainGroup = 8F199A3D29E5126B00054D2B;
			packageReferences = (
				8F199A9529E54FD200054D2B /* XCRemoteSwiftPackageReference "SnapKit" */,
			);
			productRefGroup = 8F199A4729E5126B00054D2B /* Products */;
			projectDirPath = "";
			projectRoot = "";
			targets = (
				8F199A4529E5126B00054D2B /* MusinsaUIReplica */,
			);
		};
/* End PBXProject section */

/* Begin PBXResourcesBuildPhase section */
		8F199A4429E5126B00054D2B /* Resources */ = {
			isa = PBXResourcesBuildPhase;
			buildActionMask = 2147483647;
			files = (
				8F199A5629E5126C00054D2B /* LaunchScreen.storyboard in Resources */,
				8F199A5329E5126C00054D2B /* Assets.xcassets in Resources */,
			);
			runOnlyForDeploymentPostprocessing = 0;
		};
/* End PBXResourcesBuildPhase section */

/* Begin PBXSourcesBuildPhase section */
		8F199A4229E5126B00054D2B /* Sources */ = {
			isa = PBXSourcesBuildPhase;
			buildActionMask = 2147483647;
			files = (
				8F199A6029E519C900054D2B /* SnapViewController.swift in Sources */,
				8F43EBD129FDF44700A91CA7 /* CategoryiTemView.swift in Sources */,
				8F43EBBD29FD478E00A91CA7 /* Cell_Ranking.swift in Sources */,
				8F5CF13229E6576B00D0DF12 /* SectionBackgroundDecorationView.swift in Sources */,
				8F5F86E529FCC8890082602F /* HomeTabView.swift in Sources */,
				8F5F86DF29FCC6D20082602F /* TabBarController.swift in Sources */,
				8F5F86E329FCC8820082602F /* HomeTabBarCell.swift in Sources */,
				8F5F86EA29FCC9C10082602F /* CellData.swift in Sources */,
				8F199A5E29E5199E00054D2B /* CategoryViewController.swift in Sources */,
				8F43EBD729FE31C900A91CA7 /* CategoryiTemViewCell.swift in Sources */,
				8F199A4E29E5126B00054D2B /* HomeViewController.swift in Sources */,
				8F43EBCD29FDF42100A91CA7 /* CategorySideTabView.swift in Sources */,
				8F43EBC729FD478E00A91CA7 /* RecommendCell4Footer.swift in Sources */,
				8F5CF13029E6561F00D0DF12 /* extension.swift in Sources */,
				8F43EBCB29FD478E00A91CA7 /* Cell_Sale.swift in Sources */,
				8F43EBCF29FDF43300A91CA7 /* CategoryTopTabView.swift in Sources */,
				8F43EBBF29FD478E00A91CA7 /* RecommendCell3Footer.swift in Sources */,
				8F43EBC929FD478E00A91CA7 /* RecommendCell1.swift in Sources */,
				8F43EBC329FD478E00A91CA7 /* RecommendCell3Header.swift in Sources */,
				8F5F86E729FCC8940082602F /* HomeTabViewCell.swift in Sources */,
				8F43EBCA29FD478E00A91CA7 /* Cell_Style.swift in Sources */,
				8FBAB36C29FFA5CA00B68128 /* SaleCellItem.swift in Sources */,
				8F43EBC429FD478E00A91CA7 /* RecommendCell4.swift in Sources */,
				8F199A6429E51A8100054D2B /* MyViewController.swift in Sources */,
				8F199A4A29E5126B00054D2B /* AppDelegate.swift in Sources */,
				8F43EBBC29FD478E00A91CA7 /* Cell_Event.swift in Sources */,
				8F43EBC629FD478E00A91CA7 /* RecommendCell5Header.swift in Sources */,
				8F43EBC129FD478E00A91CA7 /* RecommendCell5_1.swift in Sources */,
				8F43EBC229FD478E00A91CA7 /* RecommendCell4Header.swift in Sources */,
				8F199A4C29E5126B00054D2B /* SceneDelegate.swift in Sources */,
				8F43EBD529FE246800A91CA7 /* CategoryTopTabViewCell.swift in Sources */,
				8F43EBC029FD478E00A91CA7 /* Cell_Recommend.swift in Sources */,
				8F199A6229E519D100054D2B /* LikeViewController.swift in Sources */,
				8F43EBC829FD478E00A91CA7 /* RecommendCell3.swift in Sources */,
				8FBAB36729FF638D00B68128 /* CategorySideTabViewCell.swift in Sources */,
				8FBAB36929FF72F700B68128 /* CategoryiTemViewHeader.swift in Sources */,
				8F5F86E129FCC8780082602F /* HomeTabBar.swift in Sources */,
				8F43EBBE29FD478E00A91CA7 /* RecommendCell5_2.swift in Sources */,
				8F43EBC529FD478E00A91CA7 /* RecommendCell2.swift in Sources */,
			);
			runOnlyForDeploymentPostprocessing = 0;
		};
/* End PBXSourcesBuildPhase section */

/* Begin PBXVariantGroup section */
		8F199A4F29E5126B00054D2B /* Main.storyboard */ = {
			isa = PBXVariantGroup;
			children = (
				8F199A5029E5126B00054D2B /* Base */,
			);
			name = Main.storyboard;
			sourceTree = "<group>";
		};
		8F199A5429E5126C00054D2B /* LaunchScreen.storyboard */ = {
			isa = PBXVariantGroup;
			children = (
				8F199A5529E5126C00054D2B /* Base */,
			);
			name = LaunchScreen.storyboard;
			sourceTree = "<group>";
		};
/* End PBXVariantGroup section */

/* Begin XCBuildConfiguration section */
		8F199A5829E5126C00054D2B /* Debug */ = {
			isa = XCBuildConfiguration;
			buildSettings = {
				ALWAYS_SEARCH_USER_PATHS = NO;
				CLANG_ANALYZER_NONNULL = YES;
				CLANG_ANALYZER_NUMBER_OBJECT_CONVERSION = YES_AGGRESSIVE;
				CLANG_CXX_LANGUAGE_STANDARD = "gnu++20";
				CLANG_ENABLE_MODULES = YES;
				CLANG_ENABLE_OBJC_ARC = YES;
				CLANG_ENABLE_OBJC_WEAK = YES;
				CLANG_WARN_BLOCK_CAPTURE_AUTORELEASING = YES;
				CLANG_WARN_BOOL_CONVERSION = YES;
				CLANG_WARN_COMMA = YES;
				CLANG_WARN_CONSTANT_CONVERSION = YES;
				CLANG_WARN_DEPRECATED_OBJC_IMPLEMENTATIONS = YES;
				CLANG_WARN_DIRECT_OBJC_ISA_USAGE = YES_ERROR;
				CLANG_WARN_DOCUMENTATION_COMMENTS = YES;
				CLANG_WARN_EMPTY_BODY = YES;
				CLANG_WARN_ENUM_CONVERSION = YES;
				CLANG_WARN_INFINITE_RECURSION = YES;
				CLANG_WARN_INT_CONVERSION = YES;
				CLANG_WARN_NON_LITERAL_NULL_CONVERSION = YES;
				CLANG_WARN_OBJC_IMPLICIT_RETAIN_SELF = YES;
				CLANG_WARN_OBJC_LITERAL_CONVERSION = YES;
				CLANG_WARN_OBJC_ROOT_CLASS = YES_ERROR;
				CLANG_WARN_QUOTED_INCLUDE_IN_FRAMEWORK_HEADER = YES;
				CLANG_WARN_RANGE_LOOP_ANALYSIS = YES;
				CLANG_WARN_STRICT_PROTOTYPES = YES;
				CLANG_WARN_SUSPICIOUS_MOVE = YES;
				CLANG_WARN_UNGUARDED_AVAILABILITY = YES_AGGRESSIVE;
				CLANG_WARN_UNREACHABLE_CODE = YES;
				CLANG_WARN__DUPLICATE_METHOD_MATCH = YES;
				COPY_PHASE_STRIP = NO;
				DEBUG_INFORMATION_FORMAT = dwarf;
				ENABLE_STRICT_OBJC_MSGSEND = YES;
				ENABLE_TESTABILITY = YES;
				GCC_C_LANGUAGE_STANDARD = gnu11;
				GCC_DYNAMIC_NO_PIC = NO;
				GCC_NO_COMMON_BLOCKS = YES;
				GCC_OPTIMIZATION_LEVEL = 0;
				GCC_PREPROCESSOR_DEFINITIONS = (
					"DEBUG=1",
					"$(inherited)",
				);
				GCC_WARN_64_TO_32_BIT_CONVERSION = YES;
				GCC_WARN_ABOUT_RETURN_TYPE = YES_ERROR;
				GCC_WARN_UNDECLARED_SELECTOR = YES;
				GCC_WARN_UNINITIALIZED_AUTOS = YES_AGGRESSIVE;
				GCC_WARN_UNUSED_FUNCTION = YES;
				GCC_WARN_UNUSED_VARIABLE = YES;
				IPHONEOS_DEPLOYMENT_TARGET = 16.4;
				MTL_ENABLE_DEBUG_INFO = INCLUDE_SOURCE;
				MTL_FAST_MATH = YES;
				ONLY_ACTIVE_ARCH = YES;
				SDKROOT = iphoneos;
				SWIFT_ACTIVE_COMPILATION_CONDITIONS = DEBUG;
				SWIFT_OPTIMIZATION_LEVEL = "-Onone";
			};
			name = Debug;
		};
		8F199A5929E5126C00054D2B /* Release */ = {
			isa = XCBuildConfiguration;
			buildSettings = {
				ALWAYS_SEARCH_USER_PATHS = NO;
				CLANG_ANALYZER_NONNULL = YES;
				CLANG_ANALYZER_NUMBER_OBJECT_CONVERSION = YES_AGGRESSIVE;
				CLANG_CXX_LANGUAGE_STANDARD = "gnu++20";
				CLANG_ENABLE_MODULES = YES;
				CLANG_ENABLE_OBJC_ARC = YES;
				CLANG_ENABLE_OBJC_WEAK = YES;
				CLANG_WARN_BLOCK_CAPTURE_AUTORELEASING = YES;
				CLANG_WARN_BOOL_CONVERSION = YES;
				CLANG_WARN_COMMA = YES;
				CLANG_WARN_CONSTANT_CONVERSION = YES;
				CLANG_WARN_DEPRECATED_OBJC_IMPLEMENTATIONS = YES;
				CLANG_WARN_DIRECT_OBJC_ISA_USAGE = YES_ERROR;
				CLANG_WARN_DOCUMENTATION_COMMENTS = YES;
				CLANG_WARN_EMPTY_BODY = YES;
				CLANG_WARN_ENUM_CONVERSION = YES;
				CLANG_WARN_INFINITE_RECURSION = YES;
				CLANG_WARN_INT_CONVERSION = YES;
				CLANG_WARN_NON_LITERAL_NULL_CONVERSION = YES;
				CLANG_WARN_OBJC_IMPLICIT_RETAIN_SELF = YES;
				CLANG_WARN_OBJC_LITERAL_CONVERSION = YES;
				CLANG_WARN_OBJC_ROOT_CLASS = YES_ERROR;
				CLANG_WARN_QUOTED_INCLUDE_IN_FRAMEWORK_HEADER = YES;
				CLANG_WARN_RANGE_LOOP_ANALYSIS = YES;
				CLANG_WARN_STRICT_PROTOTYPES = YES;
				CLANG_WARN_SUSPICIOUS_MOVE = YES;
				CLANG_WARN_UNGUARDED_AVAILABILITY = YES_AGGRESSIVE;
				CLANG_WARN_UNREACHABLE_CODE = YES;
				CLANG_WARN__DUPLICATE_METHOD_MATCH = YES;
				COPY_PHASE_STRIP = NO;
				DEBUG_INFORMATION_FORMAT = "dwarf-with-dsym";
				ENABLE_NS_ASSERTIONS = NO;
				ENABLE_STRICT_OBJC_MSGSEND = YES;
				GCC_C_LANGUAGE_STANDARD = gnu11;
				GCC_NO_COMMON_BLOCKS = YES;
				GCC_WARN_64_TO_32_BIT_CONVERSION = YES;
				GCC_WARN_ABOUT_RETURN_TYPE = YES_ERROR;
				GCC_WARN_UNDECLARED_SELECTOR = YES;
				GCC_WARN_UNINITIALIZED_AUTOS = YES_AGGRESSIVE;
				GCC_WARN_UNUSED_FUNCTION = YES;
				GCC_WARN_UNUSED_VARIABLE = YES;
				IPHONEOS_DEPLOYMENT_TARGET = 16.4;
				MTL_ENABLE_DEBUG_INFO = NO;
				MTL_FAST_MATH = YES;
				SDKROOT = iphoneos;
				SWIFT_COMPILATION_MODE = wholemodule;
				SWIFT_OPTIMIZATION_LEVEL = "-O";
				VALIDATE_PRODUCT = YES;
			};
			name = Release;
		};
		8F199A5B29E5126C00054D2B /* Debug */ = {
			isa = XCBuildConfiguration;
			buildSettings = {
				ASSETCATALOG_COMPILER_APPICON_NAME = AppIcon;
				ASSETCATALOG_COMPILER_GLOBAL_ACCENT_COLOR_NAME = AccentColor;
				CODE_SIGN_STYLE = Automatic;
				CURRENT_PROJECT_VERSION = 1;
				DEVELOPMENT_TEAM = 89BLGRU39K;
				GENERATE_INFOPLIST_FILE = YES;
				INFOPLIST_FILE = MusinsaUIReplica/Info.plist;
				INFOPLIST_KEY_UIApplicationSupportsIndirectInputEvents = YES;
				INFOPLIST_KEY_UILaunchStoryboardName = LaunchScreen;
				INFOPLIST_KEY_UIMainStoryboardFile = "";
				INFOPLIST_KEY_UISupportedInterfaceOrientations_iPad = "UIInterfaceOrientationPortrait UIInterfaceOrientationPortraitUpsideDown UIInterfaceOrientationLandscapeLeft UIInterfaceOrientationLandscapeRight";
				INFOPLIST_KEY_UISupportedInterfaceOrientations_iPhone = "UIInterfaceOrientationPortrait UIInterfaceOrientationLandscapeLeft UIInterfaceOrientationLandscapeRight";
				LD_RUNPATH_SEARCH_PATHS = (
					"$(inherited)",
					"@executable_path/Frameworks",
				);
				MARKETING_VERSION = 1.0;
				PRODUCT_BUNDLE_IDENTIFIER = com.hsuuuk.MusinsaUIReplica;
				PRODUCT_NAME = "$(TARGET_NAME)";
				SWIFT_EMIT_LOC_STRINGS = YES;
				SWIFT_VERSION = 5.0;
				TARGETED_DEVICE_FAMILY = "1,2";
			};
			name = Debug;
		};
		8F199A5C29E5126C00054D2B /* Release */ = {
			isa = XCBuildConfiguration;
			buildSettings = {
				ASSETCATALOG_COMPILER_APPICON_NAME = AppIcon;
				ASSETCATALOG_COMPILER_GLOBAL_ACCENT_COLOR_NAME = AccentColor;
				CODE_SIGN_STYLE = Automatic;
				CURRENT_PROJECT_VERSION = 1;
				DEVELOPMENT_TEAM = 89BLGRU39K;
				GENERATE_INFOPLIST_FILE = YES;
				INFOPLIST_FILE = MusinsaUIReplica/Info.plist;
				INFOPLIST_KEY_UIApplicationSupportsIndirectInputEvents = YES;
				INFOPLIST_KEY_UILaunchStoryboardName = LaunchScreen;
				INFOPLIST_KEY_UIMainStoryboardFile = "";
				INFOPLIST_KEY_UISupportedInterfaceOrientations_iPad = "UIInterfaceOrientationPortrait UIInterfaceOrientationPortraitUpsideDown UIInterfaceOrientationLandscapeLeft UIInterfaceOrientationLandscapeRight";
				INFOPLIST_KEY_UISupportedInterfaceOrientations_iPhone = "UIInterfaceOrientationPortrait UIInterfaceOrientationLandscapeLeft UIInterfaceOrientationLandscapeRight";
				LD_RUNPATH_SEARCH_PATHS = (
					"$(inherited)",
					"@executable_path/Frameworks",
				);
				MARKETING_VERSION = 1.0;
				PRODUCT_BUNDLE_IDENTIFIER = com.hsuuuk.MusinsaUIReplica;
				PRODUCT_NAME = "$(TARGET_NAME)";
				SWIFT_EMIT_LOC_STRINGS = YES;
				SWIFT_VERSION = 5.0;
				TARGETED_DEVICE_FAMILY = "1,2";
			};
			name = Release;
		};
/* End XCBuildConfiguration section */

/* Begin XCConfigurationList section */
		8F199A4129E5126B00054D2B /* Build configuration list for PBXProject "MusinsaUIReplica" */ = {
			isa = XCConfigurationList;
			buildConfigurations = (
				8F199A5829E5126C00054D2B /* Debug */,
				8F199A5929E5126C00054D2B /* Release */,
			);
			defaultConfigurationIsVisible = 0;
			defaultConfigurationName = Release;
		};
		8F199A5A29E5126C00054D2B /* Build configuration list for PBXNativeTarget "MusinsaUIReplica" */ = {
			isa = XCConfigurationList;
			buildConfigurations = (
				8F199A5B29E5126C00054D2B /* Debug */,
				8F199A5C29E5126C00054D2B /* Release */,
			);
			defaultConfigurationIsVisible = 0;
			defaultConfigurationName = Release;
		};
/* End XCConfigurationList section */

/* Begin XCRemoteSwiftPackageReference section */
		8F199A9529E54FD200054D2B /* XCRemoteSwiftPackageReference "SnapKit" */ = {
			isa = XCRemoteSwiftPackageReference;
			repositoryURL = "https://github.com/SnapKit/SnapKit";
			requirement = {
				kind = upToNextMajorVersion;
				minimumVersion = 5.0.0;
			};
		};
/* End XCRemoteSwiftPackageReference section */

/* Begin XCSwiftPackageProductDependency section */
		8F199A9629E54FD200054D2B /* SnapKit */ = {
			isa = XCSwiftPackageProductDependency;
			package = 8F199A9529E54FD200054D2B /* XCRemoteSwiftPackageReference "SnapKit" */;
			productName = SnapKit;
		};
/* End XCSwiftPackageProductDependency section */
	};
	rootObject = 8F199A3E29E5126B00054D2B /* Project object */;
}
